
Microsoft Visual Studio Solution File, Format Version 12.00
# Visual Studio Version 16
VisualStudioVersion = 16.0.29920.165
MinimumVisualStudioVersion = 10.0.40219.1
Project("{FAE04EC0-301F-11D3-BF4B-00C04F79EFBC}") = "TylerSudoku", "TylerSudoku\TylerSudoku.csproj", "{7DF4AB1B-0F82-4F71-9E6A-C578EBFE239E}"
EndProject
Project("{FAE04EC0-301F-11D3-BF4B-00C04F79EFBC}") = "SudokuLogic", "SudokuLogic\SudokuLogic.csproj", "{ACCA5E17-6E37-46C6-BAFD-8D1985DEE8A5}"
EndProject
Project("{FAE04EC0-301F-11D3-BF4B-00C04F79EFBC}") = "TestProject", "TestProject\TestProject.csproj", "{8D880A75-3B17-4922-8D27-4110849CF7F6}"
EndProject
Global
	GlobalSection(SolutionConfigurationPlatforms) = preSolution
		Debug|Any CPU = Debug|Any CPU
		Release|Any CPU = Release|Any CPU
	EndGlobalSection
	GlobalSection(ProjectConfigurationPlatforms) = postSolution
		{7DF4AB1B-0F82-4F71-9E6A-C578EBFE239E}.Debug|Any CPU.ActiveCfg = Debug|Any CPU
		{7DF4AB1B-0F82-4F71-9E6A-C578EBFE239E}.Debug|Any CPU.Build.0 = Debug|Any CPU
		{7DF4AB1B-0F82-4F71-9E6A-C578EBFE239E}.Release|Any CPU.ActiveCfg = Release|Any CPU
		{7DF4AB1B-0F82-4F71-9E6A-C578EBFE239E}.Release|Any CPU.Build.0 = Release|Any CPU
		{ACCA5E17-6E37-46C6-BAFD-8D1985DEE8A5}.Debug|Any CPU.ActiveCfg = Debug|Any CPU
		{ACCA5E17-6E37-46C6-BAFD-8D1985DEE8A5}.Debug|Any CPU.Build.0 = Debug|Any CPU
		{ACCA5E17-6E37-46C6-BAFD-8D1985DEE8A5}.Release|Any CPU.ActiveCfg = Release|Any CPU
		{ACCA5E17-6E37-46C6-BAFD-8D1985DEE8A5}.Release|Any CPU.Build.0 = Release|Any CPU
		{8D880A75-3B17-4922-8D27-4110849CF7F6}.Debug|Any CPU.ActiveCfg = Debug|Any CPU
		{8D880A75-3B17-4922-8D27-4110849CF7F6}.Debug|Any CPU.Build.0 = Debug|Any CPU
		{8D880A75-3B17-4922-8D27-4110849CF7F6}.Release|Any CPU.ActiveCfg = Release|Any CPU
		{8D880A75-3B17-4922-8D27-4110849CF7F6}.Release|Any CPU.Build.0 = Release|Any CPU
	EndGlobalSection
	GlobalSection(SolutionProperties) = preSolution
		HideSolutionNode = FALSE
	EndGlobalSection
	GlobalSection(ExtensibilityGlobals) = postSolution
		SolutionGuid = {B32A1286-FF96-4E2C-88DC-64C65017A031}
	EndGlobalSection
EndGlobal
